
Microsoft Visual Studio Solution File, Format Version 12.00
# Visual Studio Version 17
VisualStudioVersion = 17.5.33627.172
MinimumVisualStudioVersion = 10.0.40219.1
Project("{9A19103F-16F7-4668-BE54-9A1E7A4F7556}") = "System.Text.Json.Stream", "System.Text.Json.Stream\System.Text.Json.Stream.csproj", "{97B87640-E80C-4511-A7E3-7C7BE64BCA9D}"
EndProject
Project("{9A19103F-16F7-4668-BE54-9A1E7A4F7556}") = "System.Text.Json.Stream.Tests", "System.Text.Json.Stream.Tests\System.Text.Json.Stream.Tests.csproj", "{C5F1D429-6956-48AC-B56E-674A5C0CD92D}"
EndProject
Project("{2150E333-8FDC-42A3-9474-1A3956D46DE8}") = "Solution Items", "Solution Items", "{8828A2CE-A226-436F-BC9B-3900EFE6A845}"
	ProjectSection(SolutionItems) = preProject
		..\LICENSE = ..\LICENSE
		..\readme.md = ..\readme.md
	EndProjectSection
EndProject
Global
	GlobalSection(SolutionConfigurationPlatforms) = preSolution
		Debug|Any CPU = Debug|Any CPU
		Release|Any CPU = Release|Any CPU
	EndGlobalSection
	GlobalSection(ProjectConfigurationPlatforms) = postSolution
		{97B87640-E80C-4511-A7E3-7C7BE64BCA9D}.Debug|Any CPU.ActiveCfg = Debug|Any CPU
		{97B87640-E80C-4511-A7E3-7C7BE64BCA9D}.Debug|Any CPU.Build.0 = Debug|Any CPU
		{97B87640-E80C-4511-A7E3-7C7BE64BCA9D}.Release|Any CPU.ActiveCfg = Release|Any CPU
		{97B87640-E80C-4511-A7E3-7C7BE64BCA9D}.Release|Any CPU.Build.0 = Release|Any CPU
		{C5F1D429-6956-48AC-B56E-674A5C0CD92D}.Debug|Any CPU.ActiveCfg = Debug|Any CPU
		{C5F1D429-6956-48AC-B56E-674A5C0CD92D}.Debug|Any CPU.Build.0 = Debug|Any CPU
		{C5F1D429-6956-48AC-B56E-674A5C0CD92D}.Release|Any CPU.ActiveCfg = Release|Any CPU
		{C5F1D429-6956-48AC-B56E-674A5C0CD92D}.Release|Any CPU.Build.0 = Release|Any CPU
	EndGlobalSection
	GlobalSection(SolutionProperties) = preSolution
		HideSolutionNode = FALSE
	EndGlobalSection
	GlobalSection(ExtensibilityGlobals) = postSolution
		SolutionGuid = {26937A55-17D4-47B1-B46A-22CDF2F0A5E1}
	EndGlobalSection
EndGlobal
